{
  "version": 4,
  "terraform_version": "1.14.5",
  "serial": 5,
  "lineage": "9732235c-93bc-ecbc-63b5-86f3a1ce5fa0",
  "outputs": {
    "public_ip": {
      "value": "54.214.243.66",
      "type": "string"
    }
  },
  "resources": [
    {
      "mode": "managed",
      "type": "aws_instance",
      "name": "mon_serveur",
      "provider": "provider[\"registry.terraform.io/hashicorp/aws\"]",
      "instances": [
        {
          "schema_version": 2,
          "attributes": {
            "ami": "ami-071c390f398551e13",
            "arn": "arn:aws:ec2:eu-west-3::instance/i-fe442a10c4876cbc9",
            "associate_public_ip_address": true,
            "availability_zone": "eu-west-3a",
            "capacity_reservation_specification": [],
            "cpu_options": [],
            "credit_specification": [
              {
                "cpu_credits": "standard"
              }
            ],
            "disable_api_stop": false,
            "disable_api_termination": false,
            "ebs_block_device": [],
            "ebs_optimized": false,
            "enable_primary_ipv6": null,
            "enclave_options": [],
            "ephemeral_block_device": [],
            "force_destroy": false,
            "get_password_data": false,
            "hibernation": false,
            "host_id": "",
            "host_resource_group_arn": null,
            "iam_instance_profile": "",
            "id": "i-fe442a10c4876cbc9",
            "instance_initiated_shutdown_behavior": "stop",
            "instance_lifecycle": "",
            "instance_market_options": [],
            "instance_state": "running",
            "instance_type": "t2.micro",
            "ipv6_address_count": 0,
            "ipv6_addresses": [],
            "key_name": "",
            "launch_template": [],
            "maintenance_options": [],
            "metadata_options": [
              {
                "http_endpoint": "enabled",
                "http_protocol_ipv6": "disabled",
                "http_put_response_hop_limit": 1,
                "http_tokens": "optional",
                "instance_metadata_tags": "disabled"
              }
            ],
            "monitoring": false,
            "network_interface": [],
            "outpost_arn": "",
            "password_data": "",
            "placement_group": "",
            "placement_group_id": "",
            "placement_partition_number": 0,
            "primary_network_interface": [
              {
                "delete_on_termination": false,
                "network_interface_id": "eni-c3ee7626a51f4628d"
              }
            ],
            "primary_network_interface_id": "eni-c3ee7626a51f4628d",
            "private_dns": "ip-10-172-183-8.eu-west-3.compute.internal",
            "private_dns_name_options": [],
            "private_ip": "10.172.183.8",
            "public_dns": "ec2-54-214-243-66.eu-west-3.compute.amazonaws.com",
            "public_ip": "54.214.243.66",
            "region": "eu-west-3",
            "root_block_device": [
              {
                "delete_on_termination": true,
                "device_name": "/dev/sda1",
                "encrypted": false,
                "iops": 0,
                "kms_key_id": "",
                "tags": {},
                "tags_all": {},
                "throughput": 0,
                "volume_id": "vol-74fe09a25493856b2",
                "volume_size": 8,
                "volume_type": "gp2"
              }
            ],
            "secondary_network_interface": [],
            "secondary_private_ips": [],
            "security_groups": [
              "terraform-20260219114455498300000001"
            ],
            "source_dest_check": true,
            "spot_instance_request_id": "",
            "subnet_id": "subnet-59166e1cbc089804e",
            "tags": {
              "Name": "Instance_EC2"
            },
            "tags_all": {
              "Name": "Instance_EC2"
            },
            "tenancy": "default",
            "timeouts": null,
            "user_data": null,
            "user_data_base64": null,
            "user_data_replace_on_change": false,
            "volume_tags": null,
            "vpc_security_group_ids": [
              "sg-77846fcccf87a98b1"
            ]
          },
          "sensitive_attributes": [],
          "identity_schema_version": 0,
          "identity": {
            "account_id": "",
            "id": "i-fe442a10c4876cbc9",
            "region": "eu-west-3"
          },
          "private": "eyJlMmJmYjczMC1lY2FhLTExZTYtOGY4OC0zNDM2M2JjN2M0YzAiOnsiY3JlYXRlIjo2MDAwMDAwMDAwMDAsImRlbGV0ZSI6MTIwMDAwMDAwMDAwMCwicmVhZCI6OTAwMDAwMDAwMDAwLCJ1cGRhdGUiOjYwMDAwMDAwMDAwMH0sInNjaGVtYV92ZXJzaW9uIjoiMiJ9",
          "dependencies": [
            "aws_security_group.security_group",
            "aws_vpc.reseau_prive"
          ]
        }
      ]
    },
    {
      "mode": "managed",
      "type": "aws_security_group",
      "name": "security_group",
      "provider": "provider[\"registry.terraform.io/hashicorp/aws\"]",
      "instances": [
        {
          "schema_version": 1,
          "attributes": {
            "arn": "arn:aws:ec2:eu-west-3:000000000000:security-group/sg-77846fcccf87a98b1",
            "description": "Managed by Terraform",
            "egress": [
              {
                "cidr_blocks": [
                  "0.0.0.0/0"
                ],
                "description": "",
                "from_port": 0,
                "ipv6_cidr_blocks": [],
                "prefix_list_ids": [],
                "protocol": "-1",
                "security_groups": [],
                "self": false,
                "to_port": 0
              }
            ],
            "id": "sg-77846fcccf87a98b1",
            "ingress": [
              {
                "cidr_blocks": [
                  "0.0.0.0/0"
                ],
                "description": "",
                "from_port": 22,
                "ipv6_cidr_blocks": [],
                "prefix_list_ids": [],
                "protocol": "tcp",
                "security_groups": [],
                "self": false,
                "to_port": 22
              },
              {
                "cidr_blocks": [
                  "0.0.0.0/0"
                ],
                "description": "",
                "from_port": 80,
                "ipv6_cidr_blocks": [],
                "prefix_list_ids": [],
                "protocol": "tcp",
                "security_groups": [],
                "self": false,
                "to_port": 80
              }
            ],
            "name": "terraform-20260219114455498300000001",
            "name_prefix": "terraform-",
            "owner_id": "000000000000",
            "region": "eu-west-3",
            "revoke_rules_on_delete": false,
            "tags": {
              "Name": "Virgil_group"
            },
            "tags_all": {
              "Name": "Virgil_group"
            },
            "timeouts": null,
            "vpc_id": "vpc-377361fe5bade63f5"
          },
          "sensitive_attributes": [],
          "identity_schema_version": 0,
          "identity": {
            "account_id": "",
            "id": "sg-77846fcccf87a98b1",
            "region": "eu-west-3"
          },
          "private": "eyJlMmJmYjczMC1lY2FhLTExZTYtOGY4OC0zNDM2M2JjN2M0YzAiOnsiY3JlYXRlIjo2MDAwMDAwMDAwMDAsImRlbGV0ZSI6OTAwMDAwMDAwMDAwfSwic2NoZW1hX3ZlcnNpb24iOiIxIn0=",
          "dependencies": [
            "aws_vpc.reseau_prive"
          ]
        }
      ]
    },
    {
      "mode": "managed",
      "type": "aws_vpc",
      "name": "reseau_prive",
      "provider": "provider[\"registry.terraform.io/hashicorp/aws\"]",
      "instances": [
        {
          "schema_version": 1,
          "attributes": {
            "arn": "arn:aws:ec2:eu-west-3:000000000000:vpc/vpc-377361fe5bade63f5",
            "assign_generated_ipv6_cidr_block": false,
            "cidr_block": "10.0.0.0/16",
            "default_network_acl_id": "acl-3672409faf6677027",
            "default_route_table_id": "rtb-96a2a4a60e3134eb7",
            "default_security_group_id": "sg-1d50d089a8c802317",
            "dhcp_options_id": "default",
            "enable_dns_hostnames": false,
            "enable_dns_support": true,
            "enable_network_address_usage_metrics": false,
            "id": "vpc-377361fe5bade63f5",
            "instance_tenancy": "default",
            "ipv4_ipam_pool_id": null,
            "ipv4_netmask_length": null,
            "ipv6_association_id": "",
            "ipv6_cidr_block": "",
            "ipv6_cidr_block_network_border_group": "",
            "ipv6_ipam_pool_id": "",
            "ipv6_netmask_length": 0,
            "main_route_table_id": "rtb-96a2a4a60e3134eb7",
            "owner_id": "000000000000",
            "region": "eu-west-3",
            "tags": {
              "Name": "reseau_vpc"
            },
            "tags_all": {
              "Name": "reseau_vpc"
            }
          },
          "sensitive_attributes": [],
          "identity_schema_version": 0,
          "identity": {
            "account_id": "",
            "id": "vpc-377361fe5bade63f5",
            "region": "eu-west-3"
          },
          "private": "eyJzY2hlbWFfdmVyc2lvbiI6IjEifQ=="
        }
      ]
    },
    {
      "mode": "managed",
      "type": "local_file",
      "name": "inventory_file",
      "provider": "provider[\"registry.terraform.io/hashicorp/local\"]",
      "instances": [
        {
          "schema_version": 0,
          "attributes": {
            "content": " [prod]\nmon_serveur ansible_host = 54.214.243.66\n\n[all:vars]\nansible_user = ubuntu ",
            "content_base64": null,
            "content_base64sha256": "ZfYFvOZCWfBE6wBsjoWFaWPfrujIBWFwW2Ukvn2La8I=",
            "content_base64sha512": "BrpHnpHC24ZujvIj+7C7ckzh1NiHZsEUVoQn3b2GpKgSy9f/pE67mVC2u+cVy9J3tQAwK3gJ4nrCIFgDwkOriw==",
            "content_md5": "d7b9a95789577fc07f74c9af47c27762",
            "content_sha1": "e1ac701b1632a2ab8c3f707c52ad37d4efd31762",
            "content_sha256": "65f605bce64259f044eb006c8e85856963dfaee8c80561705b6524be7d8b6bc2",
            "content_sha512": "06ba479e91c2db866e8ef223fbb0bb724ce1d4d88766c114568427ddbd86a4a812cbd7ffa44ebb9950b6bbe715cbd277b500302b7809e27ac2205803c243ab8b",
            "directory_permission": "0777",
            "file_permission": "0777",
            "filename": "inventory.ini",
            "id": "e1ac701b1632a2ab8c3f707c52ad37d4efd31762",
            "sensitive_content": null,
            "source": null
          },
          "sensitive_attributes": [
            [
              {
                "type": "get_attr",
                "value": "sensitive_content"
              }
            ]
          ],
          "identity_schema_version": 0,
          "dependencies": [
            "aws_instance.mon_serveur",
            "aws_security_group.security_group",
            "aws_vpc.reseau_prive"
          ]
        }
      ]
    }
  ],
  "check_results": null
}
